
Microsoft Visual Studio Solution File, Format Version 12.00
# Visual Studio Version 17
VisualStudioVersion = 17.11.35222.181
MinimumVisualStudioVersion = 10.0.40219.1
Project("{9A19103F-16F7-4668-BE54-9A1E7A4F7556}") = "SapAct", "SapAct\SapAct.csproj", "{76D56EEE-2930-4BD6-93F2-BA4BEC8D1F08}"
EndProject
Project("{FAE04EC0-301F-11D3-BF4B-00C04F79EFBC}") = "SapAct.Tests", "SapAct.Tests\SapAct.Tests.csproj", "{B784B21D-A015-4B0A-A6A0-ECCBDCE5B052}"
EndProject
Global
	GlobalSection(SolutionConfigurationPlatforms) = preSolution
		Debug|Any CPU = Debug|Any CPU
		Release|Any CPU = Release|Any CPU
	EndGlobalSection
	GlobalSection(ProjectConfigurationPlatforms) = postSolution
		{76D56EEE-2930-4BD6-93F2-BA4BEC8D1F08}.Debug|Any CPU.ActiveCfg = Debug|Any CPU
		{76D56EEE-2930-4BD6-93F2-BA4BEC8D1F08}.Debug|Any CPU.Build.0 = Debug|Any CPU
		{76D56EEE-2930-4BD6-93F2-BA4BEC8D1F08}.Release|Any CPU.ActiveCfg = Release|Any CPU
		{76D56EEE-2930-4BD6-93F2-BA4BEC8D1F08}.Release|Any CPU.Build.0 = Release|Any CPU
		{B784B21D-A015-4B0A-A6A0-ECCBDCE5B052}.Debug|Any CPU.ActiveCfg = Debug|Any CPU
		{B784B21D-A015-4B0A-A6A0-ECCBDCE5B052}.Debug|Any CPU.Build.0 = Debug|Any CPU
		{B784B21D-A015-4B0A-A6A0-ECCBDCE5B052}.Release|Any CPU.ActiveCfg = Release|Any CPU
		{B784B21D-A015-4B0A-A6A0-ECCBDCE5B052}.Release|Any CPU.Build.0 = Release|Any CPU
	EndGlobalSection
	GlobalSection(SolutionProperties) = preSolution
		HideSolutionNode = FALSE
	EndGlobalSection
	GlobalSection(ExtensibilityGlobals) = postSolution
		SolutionGuid = {1AAEC002-730F-4191-A019-36BCB3F48DF1}
	EndGlobalSection
EndGlobal
